// !$*UTF8*$!
{
	archiveVersion = 1;
	classes = {
	};
	objectVersion = 50;
	objects = {

/* Begin PBXBuildFile section */
		6407C74721DE936900845D59 /* grocery (2).png in Resources */ = {isa = PBXBuildFile; fileRef = 6407C74621DE936900845D59 /* grocery (2).png */; };
		6407C74B21DE94A200845D59 /* OFL-FAQ.txt in Resources */ = {isa = PBXBuildFile; fileRef = 6407C74821DE94A100845D59 /* OFL-FAQ.txt */; };
		6407C74C21DE94A200845D59 /* OFL.txt in Resources */ = {isa = PBXBuildFile; fileRef = 6407C74921DE94A200845D59 /* OFL.txt */; };
		6407C74D21DE94A200845D59 /* AdmiralCAT.ttf in Resources */ = {isa = PBXBuildFile; fileRef = 6407C74A21DE94A200845D59 /* AdmiralCAT.ttf */; };
		6460935321DEA07D00A2F17B /* Slide.swift in Sources */ = {isa = PBXBuildFile; fileRef = 6460935221DEA07D00A2F17B /* Slide.swift */; };
		6460935521DEA09400A2F17B /* Slide.xib in Resources */ = {isa = PBXBuildFile; fileRef = 6460935421DEA09400A2F17B /* Slide.xib */; };
		649DABD721DE81DE004A9485 /* AppDelegate.swift in Sources */ = {isa = PBXBuildFile; fileRef = 649DABD621DE81DE004A9485 /* AppDelegate.swift */; };
		649DABD921DE81DE004A9485 /* SplashViewController.swift in Sources */ = {isa = PBXBuildFile; fileRef = 649DABD821DE81DE004A9485 /* SplashViewController.swift */; };
		649DABDC21DE81DE004A9485 /* Main.storyboard in Resources */ = {isa = PBXBuildFile; fileRef = 649DABDA21DE81DE004A9485 /* Main.storyboard */; };
		649DABDE21DE81E0004A9485 /* Assets.xcassets in Resources */ = {isa = PBXBuildFile; fileRef = 649DABDD21DE81E0004A9485 /* Assets.xcassets */; };
		649DABE121DE81E0004A9485 /* LaunchScreen.storyboard in Resources */ = {isa = PBXBuildFile; fileRef = 649DABDF21DE81E0004A9485 /* LaunchScreen.storyboard */; };
		649DABE921DE8534004A9485 /* GoogleService-Info.plist in Resources */ = {isa = PBXBuildFile; fileRef = 649DABE821DE8534004A9485 /* GoogleService-Info.plist */; };
		EDFFE5753FD5172EB0DA030F /* Pods_JustCook.framework in Frameworks */ = {isa = PBXBuildFile; fileRef = 81AEEAB046316FFD6F898CCD /* Pods_JustCook.framework */; };
		EF0FD03E21F39A6E007CEA81 /* RecipesCell.swift in Sources */ = {isa = PBXBuildFile; fileRef = EF0FD03D21F39A6E007CEA81 /* RecipesCell.swift */; };
		EF10A80D2222F1CC00459790 /* shop.png in Resources */ = {isa = PBXBuildFile; fileRef = EF10A80C2222F1CC00459790 /* shop.png */; };
		EF15CB8E21FDF20E004679B0 /* RecipeDetailsViewController.swift in Sources */ = {isa = PBXBuildFile; fileRef = EF15CB8D21FDF20E004679B0 /* RecipeDetailsViewController.swift */; };
		EF15CB9021FE1020004679B0 /* alarmclock.png in Resources */ = {isa = PBXBuildFile; fileRef = EF15CB8F21FE101F004679B0 /* alarmclock.png */; };
		EF15CB9221FE10D0004679B0 /* fire.png in Resources */ = {isa = PBXBuildFile; fileRef = EF15CB9121FE10D0004679B0 /* fire.png */; };
		EF15CB9421FE1196004679B0 /* fridgewhite.png in Resources */ = {isa = PBXBuildFile; fileRef = EF15CB9321FE1196004679B0 /* fridgewhite.png */; };
		EF1AC9D321F4EC460025CE9E /* fivestar.png in Resources */ = {isa = PBXBuildFile; fileRef = EF1AC9CE21F4EC400025CE9E /* fivestar.png */; };
		EF1AC9D421F4EC460025CE9E /* onestar.png in Resources */ = {isa = PBXBuildFile; fileRef = EF1AC9CF21F4EC420025CE9E /* onestar.png */; };
		EF1AC9D521F4EC460025CE9E /* threestar.png in Resources */ = {isa = PBXBuildFile; fileRef = EF1AC9D021F4EC430025CE9E /* threestar.png */; };
		EF1AC9D621F4EC460025CE9E /* fourstar.png in Resources */ = {isa = PBXBuildFile; fileRef = EF1AC9D121F4EC450025CE9E /* fourstar.png */; };
		EF1AC9D721F4EC460025CE9E /* twostar.png in Resources */ = {isa = PBXBuildFile; fileRef = EF1AC9D221F4EC460025CE9E /* twostar.png */; };
		EF5F695121EFA0FC00D7464F /* UserPrefs.xcdatamodeld in Sources */ = {isa = PBXBuildFile; fileRef = EF5F694F21EFA0FC00D7464F /* UserPrefs.xcdatamodeld */; };
		EF5F695321EFA1AF00D7464F /* CoreDataHelper.swift in Sources */ = {isa = PBXBuildFile; fileRef = EF5F695221EFA1AF00D7464F /* CoreDataHelper.swift */; };
		EF7CD12D222304A8007B65F0 /* ShoppingCart.swift in Sources */ = {isa = PBXBuildFile; fileRef = EF7CD12C222304A8007B65F0 /* ShoppingCart.swift */; };
		EF7CD133222314C3007B65F0 /* shopping-basket.png in Resources */ = {isa = PBXBuildFile; fileRef = EF7CD132222314C3007B65F0 /* shopping-basket.png */; };
		EF7CD13522231D94007B65F0 /* ShoppingCartViewController.swift in Sources */ = {isa = PBXBuildFile; fileRef = EF7CD13422231D94007B65F0 /* ShoppingCartViewController.swift */; };
		EF7CD13722231EF1007B65F0 /* ShoppingCartCell.swift in Sources */ = {isa = PBXBuildFile; fileRef = EF7CD13622231EF1007B65F0 /* ShoppingCartCell.swift */; };
		EF7CD13922234E60007B65F0 /* fire-blue.png in Resources */ = {isa = PBXBuildFile; fileRef = EF7CD13822234E60007B65F0 /* fire-blue.png */; };
		EF7CD13B22234FB4007B65F0 /* fridge-blue.png in Resources */ = {isa = PBXBuildFile; fileRef = EF7CD13A22234FB4007B65F0 /* fridge-blue.png */; };
		EFA6B42421E53ACD007922C6 /* UserPreferencesViewController.swift in Sources */ = {isa = PBXBuildFile; fileRef = EFA6B42321E53ACD007922C6 /* UserPreferencesViewController.swift */; };
		EFA6B42721E5442C007922C6 /* UIHelper.swift in Sources */ = {isa = PBXBuildFile; fileRef = EFA6B42621E5442C007922C6 /* UIHelper.swift */; };
		EFA6B42A21E545B4007922C6 /* Colours.swift in Sources */ = {isa = PBXBuildFile; fileRef = EFA6B42921E545B4007922C6 /* Colours.swift */; };
		EFB0B83221F38C4300277629 /* RecipesViewController.swift in Sources */ = {isa = PBXBuildFile; fileRef = EFB0B83121F38C4300277629 /* RecipesViewController.swift */; };
		EFB0B83521F38D9B00277629 /* Recipes.swift in Sources */ = {isa = PBXBuildFile; fileRef = EFB0B83421F38D9B00277629 /* Recipes.swift */; };
		EFB8787122109B1400CC1F13 /* Ingredients.swift in Sources */ = {isa = PBXBuildFile; fileRef = EFB8787022109B1400CC1F13 /* Ingredients.swift */; };
		EFB8787322109F0C00CC1F13 /* IngredientsCell.swift in Sources */ = {isa = PBXBuildFile; fileRef = EFB8787222109F0C00CC1F13 /* IngredientsCell.swift */; };
		EFE1CE27221BEDC5007FE8C6 /* tesco.png in Resources */ = {isa = PBXBuildFile; fileRef = EFE1CE26221BEDC5007FE8C6 /* tesco.png */; };
		EFE1CE29221BEE0E007FE8C6 /* sainsburys.png in Resources */ = {isa = PBXBuildFile; fileRef = EFE1CE28221BEE0E007FE8C6 /* sainsburys.png */; };
		EFE1CE2B221BEE51007FE8C6 /* asda.png in Resources */ = {isa = PBXBuildFile; fileRef = EFE1CE2A221BEE51007FE8C6 /* asda.png */; };
		EFE1CE2D221BEEE4007FE8C6 /* aldi.png in Resources */ = {isa = PBXBuildFile; fileRef = EFE1CE2C221BEEE4007FE8C6 /* aldi.png */; };
		EFE1CE2F221BEF10007FE8C6 /* waitrose.png in Resources */ = {isa = PBXBuildFile; fileRef = EFE1CE2E221BEF10007FE8C6 /* waitrose.png */; };
		EFE1CE31221BEFBA007FE8C6 /* StoreSelectView.swift in Sources */ = {isa = PBXBuildFile; fileRef = EFE1CE30221BEFBA007FE8C6 /* StoreSelectView.swift */; };
		EFEC13C121E690080048D11C /* CustomButton.swift in Sources */ = {isa = PBXBuildFile; fileRef = EFEC13C021E690080048D11C /* CustomButton.swift */; };
		EFF9826C2246BA4E006B1DD3 /* RecipesViewModel.swift in Sources */ = {isa = PBXBuildFile; fileRef = EFF9826B2246BA4E006B1DD3 /* RecipesViewModel.swift */; };
/* End PBXBuildFile section */

/* Begin PBXFileReference section */
		2898315B78818641DB8D7469 /* Pods-JustCook.debug.xcconfig */ = {isa = PBXFileReference; includeInIndex = 1; lastKnownFileType = text.xcconfig; name = "Pods-JustCook.debug.xcconfig"; path = "Pods/Target Support Files/Pods-JustCook/Pods-JustCook.debug.xcconfig"; sourceTree = "<group>"; };
		3F8FFE7F4B1B088A34B4B14E /* Pods-JustCook.release.xcconfig */ = {isa = PBXFileReference; includeInIndex = 1; lastKnownFileType = text.xcconfig; name = "Pods-JustCook.release.xcconfig"; path = "Pods/Target Support Files/Pods-JustCook/Pods-JustCook.release.xcconfig"; sourceTree = "<group>"; };
		6407C74621DE936900845D59 /* grocery (2).png */ = {isa = PBXFileReference; lastKnownFileType = image.png; path = "grocery (2).png"; sourceTree = "<group>"; };
		6407C74821DE94A100845D59 /* OFL-FAQ.txt */ = {isa = PBXFileReference; fileEncoding = 4; lastKnownFileType = text; path = "OFL-FAQ.txt"; sourceTree = "<group>"; };
		6407C74921DE94A200845D59 /* OFL.txt */ = {isa = PBXFileReference; fileEncoding = 4; lastKnownFileType = text; path = OFL.txt; sourceTree = "<group>"; };
		6407C74A21DE94A200845D59 /* AdmiralCAT.ttf */ = {isa = PBXFileReference; lastKnownFileType = file; path = AdmiralCAT.ttf; sourceTree = "<group>"; };
		6460935221DEA07D00A2F17B /* Slide.swift */ = {isa = PBXFileReference; lastKnownFileType = sourcecode.swift; path = Slide.swift; sourceTree = "<group>"; };
		6460935421DEA09400A2F17B /* Slide.xib */ = {isa = PBXFileReference; lastKnownFileType = file.xib; path = Slide.xib; sourceTree = "<group>"; };
		649DABD321DE81DE004A9485 /* JustCook.app */ = {isa = PBXFileReference; explicitFileType = wrapper.application; includeInIndex = 0; path = JustCook.app; sourceTree = BUILT_PRODUCTS_DIR; };
		649DABD621DE81DE004A9485 /* AppDelegate.swift */ = {isa = PBXFileReference; lastKnownFileType = sourcecode.swift; path = AppDelegate.swift; sourceTree = "<group>"; };
		649DABD821DE81DE004A9485 /* SplashViewController.swift */ = {isa = PBXFileReference; lastKnownFileType = sourcecode.swift; path = SplashViewController.swift; sourceTree = "<group>"; };
		649DABDB21DE81DE004A9485 /* Base */ = {isa = PBXFileReference; lastKnownFileType = file.storyboard; name = Base; path = Base.lproj/Main.storyboard; sourceTree = "<group>"; };
		649DABDD21DE81E0004A9485 /* Assets.xcassets */ = {isa = PBXFileReference; lastKnownFileType = folder.assetcatalog; path = Assets.xcassets; sourceTree = "<group>"; };
		649DABE021DE81E0004A9485 /* Base */ = {isa = PBXFileReference; lastKnownFileType = file.storyboard; name = Base; path = Base.lproj/LaunchScreen.storyboard; sourceTree = "<group>"; };
		649DABE221DE81E0004A9485 /* Info.plist */ = {isa = PBXFileReference; lastKnownFileType = text.plist.xml; path = Info.plist; sourceTree = "<group>"; };
		649DABE821DE8534004A9485 /* GoogleService-Info.plist */ = {isa = PBXFileReference; fileEncoding = 4; lastKnownFileType = text.plist.xml; path = "GoogleService-Info.plist"; sourceTree = "<group>"; };
		81AEEAB046316FFD6F898CCD /* Pods_JustCook.framework */ = {isa = PBXFileReference; explicitFileType = wrapper.framework; includeInIndex = 0; path = Pods_JustCook.framework; sourceTree = BUILT_PRODUCTS_DIR; };
		EF0FD03D21F39A6E007CEA81 /* RecipesCell.swift */ = {isa = PBXFileReference; lastKnownFileType = sourcecode.swift; path = RecipesCell.swift; sourceTree = "<group>"; };
		EF10A80C2222F1CC00459790 /* shop.png */ = {isa = PBXFileReference; lastKnownFileType = image.png; path = shop.png; sourceTree = "<group>"; };
		EF15CB8D21FDF20E004679B0 /* RecipeDetailsViewController.swift */ = {isa = PBXFileReference; lastKnownFileType = sourcecode.swift; path = RecipeDetailsViewController.swift; sourceTree = "<group>"; };
		EF15CB8F21FE101F004679B0 /* alarmclock.png */ = {isa = PBXFileReference; lastKnownFileType = image.png; path = alarmclock.png; sourceTree = "<group>"; };
		EF15CB9121FE10D0004679B0 /* fire.png */ = {isa = PBXFileReference; lastKnownFileType = image.png; path = fire.png; sourceTree = "<group>"; };
		EF15CB9321FE1196004679B0 /* fridgewhite.png */ = {isa = PBXFileReference; lastKnownFileType = image.png; path = fridgewhite.png; sourceTree = "<group>"; };
		EF1AC9CE21F4EC400025CE9E /* fivestar.png */ = {isa = PBXFileReference; lastKnownFileType = image.png; path = fivestar.png; sourceTree = "<group>"; };
		EF1AC9CF21F4EC420025CE9E /* onestar.png */ = {isa = PBXFileReference; lastKnownFileType = image.png; path = onestar.png; sourceTree = "<group>"; };
		EF1AC9D021F4EC430025CE9E /* threestar.png */ = {isa = PBXFileReference; lastKnownFileType = image.png; path = threestar.png; sourceTree = "<group>"; };
		EF1AC9D121F4EC450025CE9E /* fourstar.png */ = {isa = PBXFileReference; lastKnownFileType = image.png; path = fourstar.png; sourceTree = "<group>"; };
		EF1AC9D221F4EC460025CE9E /* twostar.png */ = {isa = PBXFileReference; lastKnownFileType = image.png; path = twostar.png; sourceTree = "<group>"; };
		EF5F695021EFA0FC00D7464F /* UserPrefs.xcdatamodel */ = {isa = PBXFileReference; lastKnownFileType = wrapper.xcdatamodel; path = UserPrefs.xcdatamodel; sourceTree = "<group>"; };
		EF5F695221EFA1AF00D7464F /* CoreDataHelper.swift */ = {isa = PBXFileReference; lastKnownFileType = sourcecode.swift; path = CoreDataHelper.swift; sourceTree = "<group>"; };
		EF7CD12C222304A8007B65F0 /* ShoppingCart.swift */ = {isa = PBXFileReference; lastKnownFileType = sourcecode.swift; path = ShoppingCart.swift; sourceTree = "<group>"; };
		EF7CD132222314C3007B65F0 /* shopping-basket.png */ = {isa = PBXFileReference; lastKnownFileType = image.png; path = "shopping-basket.png"; sourceTree = "<group>"; };
		EF7CD13422231D94007B65F0 /* ShoppingCartViewController.swift */ = {isa = PBXFileReference; lastKnownFileType = sourcecode.swift; path = ShoppingCartViewController.swift; sourceTree = "<group>"; };
		EF7CD13622231EF1007B65F0 /* ShoppingCartCell.swift */ = {isa = PBXFileReference; lastKnownFileType = sourcecode.swift; path = ShoppingCartCell.swift; sourceTree = "<group>"; };
		EF7CD13822234E60007B65F0 /* fire-blue.png */ = {isa = PBXFileReference; lastKnownFileType = image.png; path = "fire-blue.png"; sourceTree = "<group>"; };
		EF7CD13A22234FB4007B65F0 /* fridge-blue.png */ = {isa = PBXFileReference; lastKnownFileType = image.png; path = "fridge-blue.png"; sourceTree = "<group>"; };
		EFA6B42321E53ACD007922C6 /* UserPreferencesViewController.swift */ = {isa = PBXFileReference; lastKnownFileType = sourcecode.swift; path = UserPreferencesViewController.swift; sourceTree = "<group>"; };
		EFA6B42621E5442C007922C6 /* UIHelper.swift */ = {isa = PBXFileReference; lastKnownFileType = sourcecode.swift; path = UIHelper.swift; sourceTree = "<group>"; };
		EFA6B42921E545B4007922C6 /* Colours.swift */ = {isa = PBXFileReference; lastKnownFileType = sourcecode.swift; path = Colours.swift; sourceTree = "<group>"; };
		EFB0B83121F38C4300277629 /* RecipesViewController.swift */ = {isa = PBXFileReference; lastKnownFileType = sourcecode.swift; path = RecipesViewController.swift; sourceTree = "<group>"; };
		EFB0B83421F38D9B00277629 /* Recipes.swift */ = {isa = PBXFileReference; lastKnownFileType = sourcecode.swift; path = Recipes.swift; sourceTree = "<group>"; };
		EFB8787022109B1400CC1F13 /* Ingredients.swift */ = {isa = PBXFileReference; lastKnownFileType = sourcecode.swift; path = Ingredients.swift; sourceTree = "<group>"; };
		EFB8787222109F0C00CC1F13 /* IngredientsCell.swift */ = {isa = PBXFileReference; lastKnownFileType = sourcecode.swift; path = IngredientsCell.swift; sourceTree = "<group>"; };
		EFE1CE26221BEDC5007FE8C6 /* tesco.png */ = {isa = PBXFileReference; lastKnownFileType = image.png; path = tesco.png; sourceTree = "<group>"; };
		EFE1CE28221BEE0E007FE8C6 /* sainsburys.png */ = {isa = PBXFileReference; lastKnownFileType = image.png; path = sainsburys.png; sourceTree = "<group>"; };
		EFE1CE2A221BEE51007FE8C6 /* asda.png */ = {isa = PBXFileReference; lastKnownFileType = image.png; path = asda.png; sourceTree = "<group>"; };
		EFE1CE2C221BEEE4007FE8C6 /* aldi.png */ = {isa = PBXFileReference; lastKnownFileType = image.png; path = aldi.png; sourceTree = "<group>"; };
		EFE1CE2E221BEF10007FE8C6 /* waitrose.png */ = {isa = PBXFileReference; lastKnownFileType = image.png; path = waitrose.png; sourceTree = "<group>"; };
		EFE1CE30221BEFBA007FE8C6 /* StoreSelectView.swift */ = {isa = PBXFileReference; lastKnownFileType = sourcecode.swift; path = StoreSelectView.swift; sourceTree = "<group>"; };
		EFEC13C021E690080048D11C /* CustomButton.swift */ = {isa = PBXFileReference; lastKnownFileType = sourcecode.swift; path = CustomButton.swift; sourceTree = "<group>"; };
		EFF9826B2246BA4E006B1DD3 /* RecipesViewModel.swift */ = {isa = PBXFileReference; lastKnownFileType = sourcecode.swift; path = RecipesViewModel.swift; sourceTree = "<group>"; };
/* End PBXFileReference section */

/* Begin PBXFrameworksBuildPhase section */
		649DABD021DE81DE004A9485 /* Frameworks */ = {
			isa = PBXFrameworksBuildPhase;
			buildActionMask = 2147483647;
			files = (
				EDFFE5753FD5172EB0DA030F /* Pods_JustCook.framework in Frameworks */,
			);
			runOnlyForDeploymentPostprocessing = 0;
		};
/* End PBXFrameworksBuildPhase section */

/* Begin PBXGroup section */
		1022F0BD9E09CAD385F0144E /* Frameworks */ = {
			isa = PBXGroup;
			children = (
				81AEEAB046316FFD6F898CCD /* Pods_JustCook.framework */,
			);
			name = Frameworks;
			sourceTree = "<group>";
		};
		649DABCA21DE81DE004A9485 = {
			isa = PBXGroup;
			children = (
				649DABD521DE81DE004A9485 /* JustCook */,
				649DABD421DE81DE004A9485 /* Products */,
				BCFD746F1EA874B4F85440E5 /* Pods */,
				1022F0BD9E09CAD385F0144E /* Frameworks */,
			);
			sourceTree = "<group>";
		};
		649DABD421DE81DE004A9485 /* Products */ = {
			isa = PBXGroup;
			children = (
				649DABD321DE81DE004A9485 /* JustCook.app */,
			);
			name = Products;
			sourceTree = "<group>";
		};
		649DABD521DE81DE004A9485 /* JustCook */ = {
			isa = PBXGroup;
			children = (
				EFF9826A2246BA3B006B1DD3 /* ViewModels */,
				EFB0B83321F38D8400277629 /* DataModels */,
				EFDEB8AF21E7D8B400ADFE9B /* CoreDataModels */,
				EFA6B42821E545A9007922C6 /* Constants */,
				EFA6B42521E5441C007922C6 /* Helpers */,
				EFA6B42221E53A99007922C6 /* Core */,
				EFA6B42121E53A7C007922C6 /* UserInterface */,
				EFA6B41D21E53A58007922C6 /* Additionals */,
				EFA6B41C21E53A4C007922C6 /* ViewControllers */,
			);
			path = JustCook;
			sourceTree = "<group>";
		};
		BCFD746F1EA874B4F85440E5 /* Pods */ = {
			isa = PBXGroup;
			children = (
				2898315B78818641DB8D7469 /* Pods-JustCook.debug.xcconfig */,
				3F8FFE7F4B1B088A34B4B14E /* Pods-JustCook.release.xcconfig */,
			);
			name = Pods;
			sourceTree = "<group>";
		};
		EFA6B41C21E53A4C007922C6 /* ViewControllers */ = {
			isa = PBXGroup;
			children = (
				649DABD821DE81DE004A9485 /* SplashViewController.swift */,
				EFA6B42321E53ACD007922C6 /* UserPreferencesViewController.swift */,
				EFB0B83121F38C4300277629 /* RecipesViewController.swift */,
				EF15CB8D21FDF20E004679B0 /* RecipeDetailsViewController.swift */,
				EFE1CE30221BEFBA007FE8C6 /* StoreSelectView.swift */,
				EF7CD13422231D94007B65F0 /* ShoppingCartViewController.swift */,
			);
			path = ViewControllers;
			sourceTree = "<group>";
		};
		EFA6B41D21E53A58007922C6 /* Additionals */ = {
			isa = PBXGroup;
			children = (
				EFA6B41E21E53A66007922C6 /* Resources */,
				649DABE821DE8534004A9485 /* GoogleService-Info.plist */,
			);
			path = Additionals;
			sourceTree = "<group>";
		};
		EFA6B41E21E53A66007922C6 /* Resources */ = {
			isa = PBXGroup;
			children = (
				EFA6B42021E53A6E007922C6 /* Fonts */,
				EFA6B41F21E53A6A007922C6 /* Images */,
			);
			path = Resources;
			sourceTree = "<group>";
		};
		EFA6B41F21E53A6A007922C6 /* Images */ = {
			isa = PBXGroup;
			children = (
				649DABDD21DE81E0004A9485 /* Assets.xcassets */,
				EF1AC9CE21F4EC400025CE9E /* fivestar.png */,
				EF1AC9D121F4EC450025CE9E /* fourstar.png */,
				EF1AC9CF21F4EC420025CE9E /* onestar.png */,
				EFE1CE2C221BEEE4007FE8C6 /* aldi.png */,
				EF10A80C2222F1CC00459790 /* shop.png */,
				EF7CD13822234E60007B65F0 /* fire-blue.png */,
				EF1AC9D021F4EC430025CE9E /* threestar.png */,
				EF1AC9D221F4EC460025CE9E /* twostar.png */,
				EF7CD132222314C3007B65F0 /* shopping-basket.png */,
				EFE1CE2A221BEE51007FE8C6 /* asda.png */,
				EF15CB9121FE10D0004679B0 /* fire.png */,
				EFE1CE2E221BEF10007FE8C6 /* waitrose.png */,
				EF15CB9321FE1196004679B0 /* fridgewhite.png */,
				EFE1CE26221BEDC5007FE8C6 /* tesco.png */,
				EF7CD13A22234FB4007B65F0 /* fridge-blue.png */,
				EFE1CE28221BEE0E007FE8C6 /* sainsburys.png */,
				6407C74621DE936900845D59 /* grocery (2).png */,
				EF15CB8F21FE101F004679B0 /* alarmclock.png */,
			);
			path = Images;
			sourceTree = "<group>";
		};
		EFA6B42021E53A6E007922C6 /* Fonts */ = {
			isa = PBXGroup;
			children = (
				6407C74821DE94A100845D59 /* OFL-FAQ.txt */,
				6407C74A21DE94A200845D59 /* AdmiralCAT.ttf */,
				6407C74921DE94A200845D59 /* OFL.txt */,
			);
			path = Fonts;
			sourceTree = "<group>";
		};
		EFA6B42121E53A7C007922C6 /* UserInterface */ = {
			isa = PBXGroup;
			children = (
				6460935221DEA07D00A2F17B /* Slide.swift */,
				6460935421DEA09400A2F17B /* Slide.xib */,
				EF0FD03D21F39A6E007CEA81 /* RecipesCell.swift */,
				EFB8787222109F0C00CC1F13 /* IngredientsCell.swift */,
				EF7CD13622231EF1007B65F0 /* ShoppingCartCell.swift */,
			);
			path = UserInterface;
			sourceTree = "<group>";
		};
		EFA6B42221E53A99007922C6 /* Core */ = {
			isa = PBXGroup;
			children = (
				649DABD621DE81DE004A9485 /* AppDelegate.swift */,
				649DABDA21DE81DE004A9485 /* Main.storyboard */,
				649DABDF21DE81E0004A9485 /* LaunchScreen.storyboard */,
				649DABE221DE81E0004A9485 /* Info.plist */,
			);
			path = Core;
			sourceTree = "<group>";
		};
		EFA6B42521E5441C007922C6 /* Helpers */ = {
			isa = PBXGroup;
			children = (
				EFA6B42621E5442C007922C6 /* UIHelper.swift */,
				EFEC13C021E690080048D11C /* CustomButton.swift */,
				EF5F695221EFA1AF00D7464F /* CoreDataHelper.swift */,
			);
			path = Helpers;
			sourceTree = "<group>";
		};
		EFA6B42821E545A9007922C6 /* Constants */ = {
			isa = PBXGroup;
			children = (
				EFA6B42921E545B4007922C6 /* Colours.swift */,
			);
			path = Constants;
			sourceTree = "<group>";
		};
		EFB0B83321F38D8400277629 /* DataModels */ = {
			isa = PBXGroup;
			children = (
				EFB0B83421F38D9B00277629 /* Recipes.swift */,
				EFB8787022109B1400CC1F13 /* Ingredients.swift */,
				EF7CD12C222304A8007B65F0 /* ShoppingCart.swift */,
			);
			path = DataModels;
			sourceTree = "<group>";
		};
		EFDEB8AF21E7D8B400ADFE9B /* CoreDataModels */ = {
			isa = PBXGroup;
			children = (
				EF5F694F21EFA0FC00D7464F /* UserPrefs.xcdatamodeld */,
			);
			path = CoreDataModels;
			sourceTree = "<group>";
		};
		EFF9826A2246BA3B006B1DD3 /* ViewModels */ = {
			isa = PBXGroup;
			children = (
				EFF9826B2246BA4E006B1DD3 /* RecipesViewModel.swift */,
			);
			path = ViewModels;
			sourceTree = "<group>";
		};
/* End PBXGroup section */

/* Begin PBXNativeTarget section */
		649DABD221DE81DE004A9485 /* JustCook */ = {
			isa = PBXNativeTarget;
			buildConfigurationList = 649DABE521DE81E0004A9485 /* Build configuration list for PBXNativeTarget "JustCook" */;
			buildPhases = (
				4DF3AF683AB9727D5BE34D47 /* [CP] Check Pods Manifest.lock */,
				649DABCF21DE81DE004A9485 /* Sources */,
				649DABD021DE81DE004A9485 /* Frameworks */,
				649DABD121DE81DE004A9485 /* Resources */,
				D71DEC45E2CD3B81D8AC5A43 /* [CP] Embed Pods Frameworks */,
				C5F5631459F9FC43AC3C35CC /* [CP] Copy Pods Resources */,
			);
			buildRules = (
			);
			dependencies = (
			);
			name = JustCook;
			productName = JustCook;
			productReference = 649DABD321DE81DE004A9485 /* JustCook.app */;
			productType = "com.apple.product-type.application";
		};
/* End PBXNativeTarget section */

/* Begin PBXProject section */
		649DABCB21DE81DE004A9485 /* Project object */ = {
			isa = PBXProject;
			attributes = {
				LastSwiftUpdateCheck = 1010;
				LastUpgradeCheck = 1010;
				ORGANIZATIONNAME = "Faris Zaman";
				TargetAttributes = {
					649DABD221DE81DE004A9485 = {
						CreatedOnToolsVersion = 10.1;
					};
				};
			};
			buildConfigurationList = 649DABCE21DE81DE004A9485 /* Build configuration list for PBXProject "JustCook" */;
			compatibilityVersion = "Xcode 9.3";
			developmentRegion = en;
			hasScannedForEncodings = 0;
			knownRegions = (
				en,
				Base,
			);
			mainGroup = 649DABCA21DE81DE004A9485;
			productRefGroup = 649DABD421DE81DE004A9485 /* Products */;
			projectDirPath = "";
			projectRoot = "";
			targets = (
				649DABD221DE81DE004A9485 /* JustCook */,
			);
		};
/* End PBXProject section */

/* Begin PBXResourcesBuildPhase section */
		649DABD121DE81DE004A9485 /* Resources */ = {
			isa = PBXResourcesBuildPhase;
			buildActionMask = 2147483647;
			files = (
				6407C74C21DE94A200845D59 /* OFL.txt in Resources */,
				EF15CB9221FE10D0004679B0 /* fire.png in Resources */,
				6407C74721DE936900845D59 /* grocery (2).png in Resources */,
				649DABE121DE81E0004A9485 /* LaunchScreen.storyboard in Resources */,
				649DABE921DE8534004A9485 /* GoogleService-Info.plist in Resources */,
				EF7CD13922234E60007B65F0 /* fire-blue.png in Resources */,
				6407C74D21DE94A200845D59 /* AdmiralCAT.ttf in Resources */,
				649DABDE21DE81E0004A9485 /* Assets.xcassets in Resources */,
				EF15CB9021FE1020004679B0 /* alarmclock.png in Resources */,
				EFE1CE29221BEE0E007FE8C6 /* sainsburys.png in Resources */,
				EFE1CE27221BEDC5007FE8C6 /* tesco.png in Resources */,
				EF1AC9D721F4EC460025CE9E /* twostar.png in Resources */,
				EF10A80D2222F1CC00459790 /* shop.png in Resources */,
				EF1AC9D521F4EC460025CE9E /* threestar.png in Resources */,
				EF15CB9421FE1196004679B0 /* fridgewhite.png in Resources */,
				649DABDC21DE81DE004A9485 /* Main.storyboard in Resources */,
				EFE1CE2D221BEEE4007FE8C6 /* aldi.png in Resources */,
				EF1AC9D321F4EC460025CE9E /* fivestar.png in Resources */,
				EF1AC9D621F4EC460025CE9E /* fourstar.png in Resources */,
				EFE1CE2B221BEE51007FE8C6 /* asda.png in Resources */,
				EF1AC9D421F4EC460025CE9E /* onestar.png in Resources */,
				6407C74B21DE94A200845D59 /* OFL-FAQ.txt in Resources */,
				EF7CD13B22234FB4007B65F0 /* fridge-blue.png in Resources */,
				EF7CD133222314C3007B65F0 /* shopping-basket.png in Resources */,
				6460935521DEA09400A2F17B /* Slide.xib in Resources */,
				EFE1CE2F221BEF10007FE8C6 /* waitrose.png in Resources */,
			);
			runOnlyForDeploymentPostprocessing = 0;
		};
/* End PBXResourcesBuildPhase section */

/* Begin PBXShellScriptBuildPhase section */
		4DF3AF683AB9727D5BE34D47 /* [CP] Check Pods Manifest.lock */ = {
			isa = PBXShellScriptBuildPhase;
			buildActionMask = 2147483647;
			files = (
			);
			inputFileListPaths = (
			);
			inputPaths = (
				"${PODS_PODFILE_DIR_PATH}/Podfile.lock",
				"${PODS_ROOT}/Manifest.lock",
			);
			name = "[CP] Check Pods Manifest.lock";
			outputFileListPaths = (
			);
			outputPaths = (
				"$(DERIVED_FILE_DIR)/Pods-JustCook-checkManifestLockResult.txt",
			);
			runOnlyForDeploymentPostprocessing = 0;
			shellPath = /bin/sh;
			shellScript = "diff \"${PODS_PODFILE_DIR_PATH}/Podfile.lock\" \"${PODS_ROOT}/Manifest.lock\" > /dev/null\nif [ $? != 0 ] ; then\n    # print error to STDERR\n    echo \"error: The sandbox is not in sync with the Podfile.lock. Run 'pod install' or update your CocoaPods installation.\" >&2\n    exit 1\nfi\n# This output is used by Xcode 'outputs' to avoid re-running this script phase.\necho \"SUCCESS\" > \"${SCRIPT_OUTPUT_FILE_0}\"\n";
			showEnvVarsInLog = 0;
		};
		C5F5631459F9FC43AC3C35CC /* [CP] Copy Pods Resources */ = {
			isa = PBXShellScriptBuildPhase;
			buildActionMask = 2147483647;
			files = (
			);
			inputFileListPaths = (
			);
			inputPaths = (
				"${SRCROOT}/Pods/Target Support Files/Pods-JustCook/Pods-JustCook-resources.sh",
				"${PODS_CONFIGURATION_BUILD_DIR}/FirebaseFirestore/gRPCCertificates-Firestore.bundle",
				"${PODS_CONFIGURATION_BUILD_DIR}/FirebaseUI/FirebaseAnonymousAuthUI.bundle",
				"${PODS_CONFIGURATION_BUILD_DIR}/FirebaseUI/FirebaseAuthUI.bundle",
				"${PODS_CONFIGURATION_BUILD_DIR}/FirebaseUI/FirebaseFacebookAuthUI.bundle",
				"${PODS_CONFIGURATION_BUILD_DIR}/FirebaseUI/FirebaseGoogleAuthUI.bundle",
				"${PODS_CONFIGURATION_BUILD_DIR}/FirebaseUI/FirebasePhoneAuthUI.bundle",
				"${PODS_CONFIGURATION_BUILD_DIR}/FirebaseUI/FirebaseTwitterAuthUI.bundle",
				"${PODS_ROOT}/GoogleSignIn/Resources/GoogleSignIn.bundle",
				"${PODS_ROOT}/TwitterKit/iOS/TwitterKit.framework/TwitterKitResources.bundle",
			);
			name = "[CP] Copy Pods Resources";
			outputFileListPaths = (
			);
			outputPaths = (
				"${TARGET_BUILD_DIR}/${UNLOCALIZED_RESOURCES_FOLDER_PATH}/gRPCCertificates-Firestore.bundle",
				"${TARGET_BUILD_DIR}/${UNLOCALIZED_RESOURCES_FOLDER_PATH}/FirebaseAnonymousAuthUI.bundle",
				"${TARGET_BUILD_DIR}/${UNLOCALIZED_RESOURCES_FOLDER_PATH}/FirebaseAuthUI.bundle",
				"${TARGET_BUILD_DIR}/${UNLOCALIZED_RESOURCES_FOLDER_PATH}/FirebaseFacebookAuthUI.bundle",
				"${TARGET_BUILD_DIR}/${UNLOCALIZED_RESOURCES_FOLDER_PATH}/FirebaseGoogleAuthUI.bundle",
				"${TARGET_BUILD_DIR}/${UNLOCALIZED_RESOURCES_FOLDER_PATH}/FirebasePhoneAuthUI.bundle",
				"${TARGET_BUILD_DIR}/${UNLOCALIZED_RESOURCES_FOLDER_PATH}/FirebaseTwitterAuthUI.bundle",
				"${TARGET_BUILD_DIR}/${UNLOCALIZED_RESOURCES_FOLDER_PATH}/GoogleSignIn.bundle",
				"${TARGET_BUILD_DIR}/${UNLOCALIZED_RESOURCES_FOLDER_PATH}/TwitterKitResources.bundle",
			);
			runOnlyForDeploymentPostprocessing = 0;
			shellPath = /bin/sh;
			shellScript = "\"${SRCROOT}/Pods/Target Support Files/Pods-JustCook/Pods-JustCook-resources.sh\"\n";
			showEnvVarsInLog = 0;
		};
		D71DEC45E2CD3B81D8AC5A43 /* [CP] Embed Pods Frameworks */ = {
			isa = PBXShellScriptBuildPhase;
			buildActionMask = 2147483647;
			files = (
			);
			inputFileListPaths = (
			);
			inputPaths = (
				"${SRCROOT}/Pods/Target Support Files/Pods-JustCook/Pods-JustCook-frameworks.sh",
				"${BUILT_PRODUCTS_DIR}/Bolts/Bolts.framework",
				"${BUILT_PRODUCTS_DIR}/BoringSSL/openssl.framework",
				"${BUILT_PRODUCTS_DIR}/FBSDKCoreKit/FBSDKCoreKit.framework",
				"${BUILT_PRODUCTS_DIR}/FBSDKLoginKit/FBSDKLoginKit.framework",
				"${BUILT_PRODUCTS_DIR}/GTMSessionFetcher/GTMSessionFetcher.framework",
				"${BUILT_PRODUCTS_DIR}/GoogleToolboxForMac/GoogleToolboxForMac.framework",
				"${BUILT_PRODUCTS_DIR}/GoogleUtilities/GoogleUtilities.framework",
				"${BUILT_PRODUCTS_DIR}/Protobuf/Protobuf.framework",
				"${BUILT_PRODUCTS_DIR}/SDWebImage/SDWebImage.framework",
				"${BUILT_PRODUCTS_DIR}/Sparrow/Sparrow.framework",
				"${PODS_ROOT}/TwitterCore/iOS/TwitterCore.framework",
				"${PODS_ROOT}/TwitterKit/iOS/TwitterKit.framework",
				"${BUILT_PRODUCTS_DIR}/gRPC-C++/grpcpp.framework",
				"${BUILT_PRODUCTS_DIR}/gRPC-Core/grpc.framework",
				"${BUILT_PRODUCTS_DIR}/leveldb-library/leveldb.framework",
				"${BUILT_PRODUCTS_DIR}/nanopb/nanopb.framework",
			);
			name = "[CP] Embed Pods Frameworks";
			outputFileListPaths = (
			);
			outputPaths = (
				"${TARGET_BUILD_DIR}/${FRAMEWORKS_FOLDER_PATH}/Bolts.framework",
				"${TARGET_BUILD_DIR}/${FRAMEWORKS_FOLDER_PATH}/openssl.framework",
				"${TARGET_BUILD_DIR}/${FRAMEWORKS_FOLDER_PATH}/FBSDKCoreKit.framework",
				"${TARGET_BUILD_DIR}/${FRAMEWORKS_FOLDER_PATH}/FBSDKLoginKit.framework",
				"${TARGET_BUILD_DIR}/${FRAMEWORKS_FOLDER_PATH}/GTMSessionFetcher.framework",
				"${TARGET_BUILD_DIR}/${FRAMEWORKS_FOLDER_PATH}/GoogleToolboxForMac.framework",
				"${TARGET_BUILD_DIR}/${FRAMEWORKS_FOLDER_PATH}/GoogleUtilities.framework",
				"${TARGET_BUILD_DIR}/${FRAMEWORKS_FOLDER_PATH}/Protobuf.framework",
				"${TARGET_BUILD_DIR}/${FRAMEWORKS_FOLDER_PATH}/SDWebImage.framework",
				"${TARGET_BUILD_DIR}/${FRAMEWORKS_FOLDER_PATH}/Sparrow.framework",
				"${TARGET_BUILD_DIR}/${FRAMEWORKS_FOLDER_PATH}/TwitterCore.framework",
				"${TARGET_BUILD_DIR}/${FRAMEWORKS_FOLDER_PATH}/TwitterKit.framework",
				"${TARGET_BUILD_DIR}/${FRAMEWORKS_FOLDER_PATH}/grpcpp.framework",
				"${TARGET_BUILD_DIR}/${FRAMEWORKS_FOLDER_PATH}/grpc.framework",
				"${TARGET_BUILD_DIR}/${FRAMEWORKS_FOLDER_PATH}/leveldb.framework",
				"${TARGET_BUILD_DIR}/${FRAMEWORKS_FOLDER_PATH}/nanopb.framework",
			);
			runOnlyForDeploymentPostprocessing = 0;
			shellPath = /bin/sh;
			shellScript = "\"${SRCROOT}/Pods/Target Support Files/Pods-JustCook/Pods-JustCook-frameworks.sh\"\n";
			showEnvVarsInLog = 0;
		};
/* End PBXShellScriptBuildPhase section */

/* Begin PBXSourcesBuildPhase section */
		649DABCF21DE81DE004A9485 /* Sources */ = {
			isa = PBXSourcesBuildPhase;
			buildActionMask = 2147483647;
			files = (
				EFB8787122109B1400CC1F13 /* Ingredients.swift in Sources */,
				EF5F695321EFA1AF00D7464F /* CoreDataHelper.swift in Sources */,
				EF7CD13522231D94007B65F0 /* ShoppingCartViewController.swift in Sources */,
				6460935321DEA07D00A2F17B /* Slide.swift in Sources */,
				EF5F695121EFA0FC00D7464F /* UserPrefs.xcdatamodeld in Sources */,
				EFA6B42A21E545B4007922C6 /* Colours.swift in Sources */,
				649DABD921DE81DE004A9485 /* SplashViewController.swift in Sources */,
				EFA6B42421E53ACD007922C6 /* UserPreferencesViewController.swift in Sources */,
				EFB8787322109F0C00CC1F13 /* IngredientsCell.swift in Sources */,
				EFE1CE31221BEFBA007FE8C6 /* StoreSelectView.swift in Sources */,
				EF7CD13722231EF1007B65F0 /* ShoppingCartCell.swift in Sources */,
				EFB0B83521F38D9B00277629 /* Recipes.swift in Sources */,
				EFF9826C2246BA4E006B1DD3 /* RecipesViewModel.swift in Sources */,
				EFEC13C121E690080048D11C /* CustomButton.swift in Sources */,
				EFA6B42721E5442C007922C6 /* UIHelper.swift in Sources */,
				EFB0B83221F38C4300277629 /* RecipesViewController.swift in Sources */,
				EF7CD12D222304A8007B65F0 /* ShoppingCart.swift in Sources */,
				649DABD721DE81DE004A9485 /* AppDelegate.swift in Sources */,
				EF0FD03E21F39A6E007CEA81 /* RecipesCell.swift in Sources */,
				EF15CB8E21FDF20E004679B0 /* RecipeDetailsViewController.swift in Sources */,
			);
			runOnlyForDeploymentPostprocessing = 0;
		};
/* End PBXSourcesBuildPhase section */

/* Begin PBXVariantGroup section */
		649DABDA21DE81DE004A9485 /* Main.storyboard */ = {
			isa = PBXVariantGroup;
			children = (
				649DABDB21DE81DE004A9485 /* Base */,
			);
			name = Main.storyboard;
			sourceTree = "<group>";
		};
		649DABDF21DE81E0004A9485 /* LaunchScreen.storyboard */ = {
			isa = PBXVariantGroup;
			children = (
				649DABE021DE81E0004A9485 /* Base */,
			);
			name = LaunchScreen.storyboard;
			sourceTree = "<group>";
		};
/* End PBXVariantGroup section */

/* Begin XCBuildConfiguration section */
		649DABE321DE81E0004A9485 /* Debug */ = {
			isa = XCBuildConfiguration;
			buildSettings = {
				ALWAYS_SEARCH_USER_PATHS = NO;
				CLANG_ANALYZER_NONNULL = YES;
				CLANG_ANALYZER_NUMBER_OBJECT_CONVERSION = YES_AGGRESSIVE;
				CLANG_CXX_LANGUAGE_STANDARD = "gnu++14";
				CLANG_CXX_LIBRARY = "libc++";
				CLANG_ENABLE_MODULES = YES;
				CLANG_ENABLE_OBJC_ARC = YES;
				CLANG_ENABLE_OBJC_WEAK = YES;
				CLANG_WARN_BLOCK_CAPTURE_AUTORELEASING = YES;
				CLANG_WARN_BOOL_CONVERSION = YES;
				CLANG_WARN_COMMA = YES;
				CLANG_WARN_CONSTANT_CONVERSION = YES;
				CLANG_WARN_DEPRECATED_OBJC_IMPLEMENTATIONS = YES;
				CLANG_WARN_DIRECT_OBJC_ISA_USAGE = YES_ERROR;
				CLANG_WARN_DOCUMENTATION_COMMENTS = YES;
				CLANG_WARN_EMPTY_BODY = YES;
				CLANG_WARN_ENUM_CONVERSION = YES;
				CLANG_WARN_INFINITE_RECURSION = YES;
				CLANG_WARN_INT_CONVERSION = YES;
				CLANG_WARN_NON_LITERAL_NULL_CONVERSION = YES;
				CLANG_WARN_OBJC_IMPLICIT_RETAIN_SELF = YES;
				CLANG_WARN_OBJC_LITERAL_CONVERSION = YES;
				CLANG_WARN_OBJC_ROOT_CLASS = YES_ERROR;
				CLANG_WARN_RANGE_LOOP_ANALYSIS = YES;
				CLANG_WARN_STRICT_PROTOTYPES = YES;
				CLANG_WARN_SUSPICIOUS_MOVE = YES;
				CLANG_WARN_UNGUARDED_AVAILABILITY = YES_AGGRESSIVE;
				CLANG_WARN_UNREACHABLE_CODE = YES;
				CLANG_WARN__DUPLICATE_METHOD_MATCH = YES;
				CODE_SIGN_IDENTITY = "iPhone Developer";
				COPY_PHASE_STRIP = NO;
				DEBUG_INFORMATION_FORMAT = dwarf;
				ENABLE_STRICT_OBJC_MSGSEND = YES;
				ENABLE_TESTABILITY = YES;
				GCC_C_LANGUAGE_STANDARD = gnu11;
				GCC_DYNAMIC_NO_PIC = NO;
				GCC_NO_COMMON_BLOCKS = YES;
				GCC_OPTIMIZATION_LEVEL = 0;
				GCC_PREPROCESSOR_DEFINITIONS = (
					"DEBUG=1",
					"$(inherited)",
				);
				GCC_WARN_64_TO_32_BIT_CONVERSION = YES;
				GCC_WARN_ABOUT_RETURN_TYPE = YES_ERROR;
				GCC_WARN_UNDECLARED_SELECTOR = YES;
				GCC_WARN_UNINITIALIZED_AUTOS = YES_AGGRESSIVE;
				GCC_WARN_UNUSED_FUNCTION = YES;
				GCC_WARN_UNUSED_VARIABLE = YES;
				IPHONEOS_DEPLOYMENT_TARGET = 12.1;
				MTL_ENABLE_DEBUG_INFO = INCLUDE_SOURCE;
				MTL_FAST_MATH = YES;
				ONLY_ACTIVE_ARCH = YES;
				SDKROOT = iphoneos;
				SWIFT_ACTIVE_COMPILATION_CONDITIONS = DEBUG;
				SWIFT_OPTIMIZATION_LEVEL = "-Onone";
			};
			name = Debug;
		};
		649DABE421DE81E0004A9485 /* Release */ = {
			isa = XCBuildConfiguration;
			buildSettings = {
				ALWAYS_SEARCH_USER_PATHS = NO;
				CLANG_ANALYZER_NONNULL = YES;
				CLANG_ANALYZER_NUMBER_OBJECT_CONVERSION = YES_AGGRESSIVE;
				CLANG_CXX_LANGUAGE_STANDARD = "gnu++14";
				CLANG_CXX_LIBRARY = "libc++";
				CLANG_ENABLE_MODULES = YES;
				CLANG_ENABLE_OBJC_ARC = YES;
				CLANG_ENABLE_OBJC_WEAK = YES;
				CLANG_WARN_BLOCK_CAPTURE_AUTORELEASING = YES;
				CLANG_WARN_BOOL_CONVERSION = YES;
				CLANG_WARN_COMMA = YES;
				CLANG_WARN_CONSTANT_CONVERSION = YES;
				CLANG_WARN_DEPRECATED_OBJC_IMPLEMENTATIONS = YES;
				CLANG_WARN_DIRECT_OBJC_ISA_USAGE = YES_ERROR;
				CLANG_WARN_DOCUMENTATION_COMMENTS = YES;
				CLANG_WARN_EMPTY_BODY = YES;
				CLANG_WARN_ENUM_CONVERSION = YES;
				CLANG_WARN_INFINITE_RECURSION = YES;
				CLANG_WARN_INT_CONVERSION = YES;
				CLANG_WARN_NON_LITERAL_NULL_CONVERSION = YES;
				CLANG_WARN_OBJC_IMPLICIT_RETAIN_SELF = YES;
				CLANG_WARN_OBJC_LITERAL_CONVERSION = YES;
				CLANG_WARN_OBJC_ROOT_CLASS = YES_ERROR;
				CLANG_WARN_RANGE_LOOP_ANALYSIS = YES;
				CLANG_WARN_STRICT_PROTOTYPES = YES;
				CLANG_WARN_SUSPICIOUS_MOVE = YES;
				CLANG_WARN_UNGUARDED_AVAILABILITY = YES_AGGRESSIVE;
				CLANG_WARN_UNREACHABLE_CODE = YES;
				CLANG_WARN__DUPLICATE_METHOD_MATCH = YES;
				CODE_SIGN_IDENTITY = "iPhone Developer";
				COPY_PHASE_STRIP = NO;
				DEBUG_INFORMATION_FORMAT = "dwarf-with-dsym";
				ENABLE_NS_ASSERTIONS = NO;
				ENABLE_STRICT_OBJC_MSGSEND = YES;
				GCC_C_LANGUAGE_STANDARD = gnu11;
				GCC_NO_COMMON_BLOCKS = YES;
				GCC_WARN_64_TO_32_BIT_CONVERSION = YES;
				GCC_WARN_ABOUT_RETURN_TYPE = YES_ERROR;
				GCC_WARN_UNDECLARED_SELECTOR = YES;
				GCC_WARN_UNINITIALIZED_AUTOS = YES_AGGRESSIVE;
				GCC_WARN_UNUSED_FUNCTION = YES;
				GCC_WARN_UNUSED_VARIABLE = YES;
				IPHONEOS_DEPLOYMENT_TARGET = 12.1;
				MTL_ENABLE_DEBUG_INFO = NO;
				MTL_FAST_MATH = YES;
				SDKROOT = iphoneos;
				SWIFT_COMPILATION_MODE = wholemodule;
				SWIFT_OPTIMIZATION_LEVEL = "-O";
				VALIDATE_PRODUCT = YES;
			};
			name = Release;
		};
		649DABE621DE81E0004A9485 /* Debug */ = {
			isa = XCBuildConfiguration;
			baseConfigurationReference = 2898315B78818641DB8D7469 /* Pods-JustCook.debug.xcconfig */;
			buildSettings = {
				ASSETCATALOG_COMPILER_APPICON_NAME = AppIcon;
				CODE_SIGN_STYLE = Automatic;
				DEVELOPMENT_TEAM = P27A23S3XE;
				INFOPLIST_FILE = "$(SRCROOT)/JustCook/Core/Info.plist";
				LD_RUNPATH_SEARCH_PATHS = (
					"$(inherited)",
					"@executable_path/Frameworks",
				);
				ONLY_ACTIVE_ARCH = NO;
				PRODUCT_BUNDLE_IDENTIFIER = com.ezeapplications.justCook;
				PRODUCT_NAME = "$(TARGET_NAME)";
				SWIFT_VERSION = 4.2;
				TARGETED_DEVICE_FAMILY = 1;
			};
			name = Debug;
		};
		649DABE721DE81E0004A9485 /* Release */ = {
			isa = XCBuildConfiguration;
			baseConfigurationReference = 3F8FFE7F4B1B088A34B4B14E /* Pods-JustCook.release.xcconfig */;
			buildSettings = {
				ASSETCATALOG_COMPILER_APPICON_NAME = AppIcon;
				CODE_SIGN_STYLE = Automatic;
				DEVELOPMENT_TEAM = P27A23S3XE;
				INFOPLIST_FILE = "$(SRCROOT)/JustCook/Core/Info.plist";
				LD_RUNPATH_SEARCH_PATHS = (
					"$(inherited)",
					"@executable_path/Frameworks",
				);
				ONLY_ACTIVE_ARCH = NO;
				PRODUCT_BUNDLE_IDENTIFIER = com.ezeapplications.justCook;
				PRODUCT_NAME = "$(TARGET_NAME)";
				SWIFT_VERSION = 4.2;
				TARGETED_DEVICE_FAMILY = 1;
			};
			name = Release;
		};
/* End XCBuildConfiguration section */

/* Begin XCConfigurationList section */
		649DABCE21DE81DE004A9485 /* Build configuration list for PBXProject "JustCook" */ = {
			isa = XCConfigurationList;
			buildConfigurations = (
				649DABE321DE81E0004A9485 /* Debug */,
				649DABE421DE81E0004A9485 /* Release */,
			);
			defaultConfigurationIsVisible = 0;
			defaultConfigurationName = Release;
		};
		649DABE521DE81E0004A9485 /* Build configuration list for PBXNativeTarget "JustCook" */ = {
			isa = XCConfigurationList;
			buildConfigurations = (
				649DABE621DE81E0004A9485 /* Debug */,
				649DABE721DE81E0004A9485 /* Release */,
			);
			defaultConfigurationIsVisible = 0;
			defaultConfigurationName = Release;
		};
/* End XCConfigurationList section */

/* Begin XCVersionGroup section */
		EF5F694F21EFA0FC00D7464F /* UserPrefs.xcdatamodeld */ = {
			isa = XCVersionGroup;
			children = (
				EF5F695021EFA0FC00D7464F /* UserPrefs.xcdatamodel */,
			);
			currentVersion = EF5F695021EFA0FC00D7464F /* UserPrefs.xcdatamodel */;
			path = UserPrefs.xcdatamodeld;
			sourceTree = "<group>";
			versionGroupType = wrapper.xcdatamodel;
		};
/* End XCVersionGroup section */
	};
	rootObject = 649DABCB21DE81DE004A9485 /* Project object */;
}
